
Microsoft Visual Studio Solution File, Format Version 12.00
# Visual Studio 15
VisualStudioVersion = 15.0.26430.14
MinimumVisualStudioVersion = 10.0.40219.1
Project("{FAE04EC0-301F-11D3-BF4B-00C04F79EFBC}") = "01. Shapes", "01. Shapes\01. Shapes.csproj", "{93FA8202-8A2E-48A5-BEA7-077B3C431ECE}"
EndProject
Project("{FAE04EC0-301F-11D3-BF4B-00C04F79EFBC}") = "02. Cars", "Cars\02. Cars.csproj", "{D2E91C94-8942-49ED-BF61-807247F4246A}"
EndProject
Global
	GlobalSection(SolutionConfigurationPlatforms) = preSolution
		Debug|Any CPU = Debug|Any CPU
		Release|Any CPU = Release|Any CPU
	EndGlobalSection
	GlobalSection(ProjectConfigurationPlatforms) = postSolution
		{93FA8202-8A2E-48A5-BEA7-077B3C431ECE}.Debug|Any CPU.ActiveCfg = Debug|Any CPU
		{93FA8202-8A2E-48A5-BEA7-077B3C431ECE}.Debug|Any CPU.Build.0 = Debug|Any CPU
		{93FA8202-8A2E-48A5-BEA7-077B3C431ECE}.Release|Any CPU.ActiveCfg = Release|Any CPU
		{93FA8202-8A2E-48A5-BEA7-077B3C431ECE}.Release|Any CPU.Build.0 = Release|Any CPU
		{D2E91C94-8942-49ED-BF61-807247F4246A}.Debug|Any CPU.ActiveCfg = Debug|Any CPU
		{D2E91C94-8942-49ED-BF61-807247F4246A}.Debug|Any CPU.Build.0 = Debug|Any CPU
		{D2E91C94-8942-49ED-BF61-807247F4246A}.Release|Any CPU.ActiveCfg = Release|Any CPU
		{D2E91C94-8942-49ED-BF61-807247F4246A}.Release|Any CPU.Build.0 = Release|Any CPU
	EndGlobalSection
	GlobalSection(SolutionProperties) = preSolution
		HideSolutionNode = FALSE
	EndGlobalSection
EndGlobal
