
Microsoft Visual Studio Solution File, Format Version 12.00
# Visual Studio 15
VisualStudioVersion = 15.0.26430.14
MinimumVisualStudioVersion = 10.0.40219.1
Project("{FAE04EC0-301F-11D3-BF4B-00C04F79EFBC}") = "01. Math Operations", "Math Operations\01. Math Operations.csproj", "{B8F71D86-7CCE-4A26-9A3C-95ED2EDFEB45}"
EndProject
Project("{FAE04EC0-301F-11D3-BF4B-00C04F79EFBC}") = "02. Animals", "02. Animals\02. Animals.csproj", "{43FC6B69-7764-4FF2-B0FE-5B8F50EA5FFC}"
EndProject
Project("{FAE04EC0-301F-11D3-BF4B-00C04F79EFBC}") = "03. Shapes", "03. Shapes\03. Shapes.csproj", "{C620DF67-32A9-4871-BD82-6CC13374A8BC}"
EndProject
Global
	GlobalSection(SolutionConfigurationPlatforms) = preSolution
		Debug|Any CPU = Debug|Any CPU
		Release|Any CPU = Release|Any CPU
	EndGlobalSection
	GlobalSection(ProjectConfigurationPlatforms) = postSolution
		{B8F71D86-7CCE-4A26-9A3C-95ED2EDFEB45}.Debug|Any CPU.ActiveCfg = Debug|Any CPU
		{B8F71D86-7CCE-4A26-9A3C-95ED2EDFEB45}.Debug|Any CPU.Build.0 = Debug|Any CPU
		{B8F71D86-7CCE-4A26-9A3C-95ED2EDFEB45}.Release|Any CPU.ActiveCfg = Release|Any CPU
		{B8F71D86-7CCE-4A26-9A3C-95ED2EDFEB45}.Release|Any CPU.Build.0 = Release|Any CPU
		{43FC6B69-7764-4FF2-B0FE-5B8F50EA5FFC}.Debug|Any CPU.ActiveCfg = Debug|Any CPU
		{43FC6B69-7764-4FF2-B0FE-5B8F50EA5FFC}.Debug|Any CPU.Build.0 = Debug|Any CPU
		{43FC6B69-7764-4FF2-B0FE-5B8F50EA5FFC}.Release|Any CPU.ActiveCfg = Release|Any CPU
		{43FC6B69-7764-4FF2-B0FE-5B8F50EA5FFC}.Release|Any CPU.Build.0 = Release|Any CPU
		{C620DF67-32A9-4871-BD82-6CC13374A8BC}.Debug|Any CPU.ActiveCfg = Debug|Any CPU
		{C620DF67-32A9-4871-BD82-6CC13374A8BC}.Debug|Any CPU.Build.0 = Debug|Any CPU
		{C620DF67-32A9-4871-BD82-6CC13374A8BC}.Release|Any CPU.ActiveCfg = Release|Any CPU
		{C620DF67-32A9-4871-BD82-6CC13374A8BC}.Release|Any CPU.Build.0 = Release|Any CPU
	EndGlobalSection
	GlobalSection(SolutionProperties) = preSolution
		HideSolutionNode = FALSE
	EndGlobalSection
EndGlobal
