
Microsoft Visual Studio Solution File, Format Version 12.00
# Visual Studio 15
VisualStudioVersion = 15.0.26430.14
MinimumVisualStudioVersion = 10.0.40219.1
Project("{FAE04EC0-301F-11D3-BF4B-00C04F79EFBC}") = "01. Box", "01. Box\01. Box.csproj", "{51885D0B-0C52-4BE1-895E-5B5DAB8BFA0B}"
EndProject
Project("{FAE04EC0-301F-11D3-BF4B-00C04F79EFBC}") = "02. ArrayCreator", "ArrayCreator\02. ArrayCreator.csproj", "{C1FE9059-209C-45CE-9C75-7ABEACBF07F4}"
EndProject
Project("{FAE04EC0-301F-11D3-BF4B-00C04F79EFBC}") = "03. Scale", "03. Scale\03. Scale.csproj", "{35D840FF-CEB2-43A3-A6C0-4223165067F4}"
EndProject
Global
	GlobalSection(SolutionConfigurationPlatforms) = preSolution
		Debug|Any CPU = Debug|Any CPU
		Release|Any CPU = Release|Any CPU
	EndGlobalSection
	GlobalSection(ProjectConfigurationPlatforms) = postSolution
		{51885D0B-0C52-4BE1-895E-5B5DAB8BFA0B}.Debug|Any CPU.ActiveCfg = Debug|Any CPU
		{51885D0B-0C52-4BE1-895E-5B5DAB8BFA0B}.Debug|Any CPU.Build.0 = Debug|Any CPU
		{51885D0B-0C52-4BE1-895E-5B5DAB8BFA0B}.Release|Any CPU.ActiveCfg = Release|Any CPU
		{51885D0B-0C52-4BE1-895E-5B5DAB8BFA0B}.Release|Any CPU.Build.0 = Release|Any CPU
		{C1FE9059-209C-45CE-9C75-7ABEACBF07F4}.Debug|Any CPU.ActiveCfg = Debug|Any CPU
		{C1FE9059-209C-45CE-9C75-7ABEACBF07F4}.Debug|Any CPU.Build.0 = Debug|Any CPU
		{C1FE9059-209C-45CE-9C75-7ABEACBF07F4}.Release|Any CPU.ActiveCfg = Release|Any CPU
		{C1FE9059-209C-45CE-9C75-7ABEACBF07F4}.Release|Any CPU.Build.0 = Release|Any CPU
		{35D840FF-CEB2-43A3-A6C0-4223165067F4}.Debug|Any CPU.ActiveCfg = Debug|Any CPU
		{35D840FF-CEB2-43A3-A6C0-4223165067F4}.Debug|Any CPU.Build.0 = Debug|Any CPU
		{35D840FF-CEB2-43A3-A6C0-4223165067F4}.Release|Any CPU.ActiveCfg = Release|Any CPU
		{35D840FF-CEB2-43A3-A6C0-4223165067F4}.Release|Any CPU.Build.0 = Release|Any CPU
	EndGlobalSection
	GlobalSection(SolutionProperties) = preSolution
		HideSolutionNode = FALSE
	EndGlobalSection
EndGlobal
