
Microsoft Visual Studio Solution File, Format Version 12.00
# Visual Studio 15
VisualStudioVersion = 15.0.26730.16
MinimumVisualStudioVersion = 10.0.40219.1
Project("{FAE04EC0-301F-11D3-BF4B-00C04F79EFBC}") = "01. Dangerous Floor", "01. Dangerous Floor\01. Dangerous Floor.csproj", "{7FC632D8-A89C-4A4F-9545-A4E812D3F739}"
EndProject
Project("{FAE04EC0-301F-11D3-BF4B-00C04F79EFBC}") = "02. Crypto Master", "02. Crypto Master\02. Crypto Master.csproj", "{5A3A10EA-E772-4424-812B-4544EE528740}"
EndProject
Project("{FAE04EC0-301F-11D3-BF4B-00C04F79EFBC}") = "03. Greedy Times", "03. Greedy Times\03. Greedy Times.csproj", "{0ED30801-5646-49E4-80A0-9842A09F1232}"
EndProject
Project("{FAE04EC0-301F-11D3-BF4B-00C04F79EFBC}") = "04. Treasure Map", "04. Treasure Map\04. Treasure Map.csproj", "{B2D2DFCD-4111-4B46-AC48-02359015E404}"
EndProject
Global
	GlobalSection(SolutionConfigurationPlatforms) = preSolution
		Debug|Any CPU = Debug|Any CPU
		Release|Any CPU = Release|Any CPU
	EndGlobalSection
	GlobalSection(ProjectConfigurationPlatforms) = postSolution
		{7FC632D8-A89C-4A4F-9545-A4E812D3F739}.Debug|Any CPU.ActiveCfg = Debug|Any CPU
		{7FC632D8-A89C-4A4F-9545-A4E812D3F739}.Debug|Any CPU.Build.0 = Debug|Any CPU
		{7FC632D8-A89C-4A4F-9545-A4E812D3F739}.Release|Any CPU.ActiveCfg = Release|Any CPU
		{7FC632D8-A89C-4A4F-9545-A4E812D3F739}.Release|Any CPU.Build.0 = Release|Any CPU
		{5A3A10EA-E772-4424-812B-4544EE528740}.Debug|Any CPU.ActiveCfg = Debug|Any CPU
		{5A3A10EA-E772-4424-812B-4544EE528740}.Debug|Any CPU.Build.0 = Debug|Any CPU
		{5A3A10EA-E772-4424-812B-4544EE528740}.Release|Any CPU.ActiveCfg = Release|Any CPU
		{5A3A10EA-E772-4424-812B-4544EE528740}.Release|Any CPU.Build.0 = Release|Any CPU
		{0ED30801-5646-49E4-80A0-9842A09F1232}.Debug|Any CPU.ActiveCfg = Debug|Any CPU
		{0ED30801-5646-49E4-80A0-9842A09F1232}.Debug|Any CPU.Build.0 = Debug|Any CPU
		{0ED30801-5646-49E4-80A0-9842A09F1232}.Release|Any CPU.ActiveCfg = Release|Any CPU
		{0ED30801-5646-49E4-80A0-9842A09F1232}.Release|Any CPU.Build.0 = Release|Any CPU
		{B2D2DFCD-4111-4B46-AC48-02359015E404}.Debug|Any CPU.ActiveCfg = Debug|Any CPU
		{B2D2DFCD-4111-4B46-AC48-02359015E404}.Debug|Any CPU.Build.0 = Debug|Any CPU
		{B2D2DFCD-4111-4B46-AC48-02359015E404}.Release|Any CPU.ActiveCfg = Release|Any CPU
		{B2D2DFCD-4111-4B46-AC48-02359015E404}.Release|Any CPU.Build.0 = Release|Any CPU
	EndGlobalSection
	GlobalSection(SolutionProperties) = preSolution
		HideSolutionNode = FALSE
	EndGlobalSection
	GlobalSection(ExtensibilityGlobals) = postSolution
		SolutionGuid = {10D443F1-2A6B-4B06-A362-43BABE958793}
	EndGlobalSection
EndGlobal
